
Microsoft Visual Studio Solution File, Format Version 12.00
# Visual Studio Version 17
VisualStudioVersion = 17.6.33815.320
MinimumVisualStudioVersion = 10.0.40219.1
Project("{FAE04EC0-301F-11D3-BF4B-00C04F79EFBC}") = "Feeler", "Feeler\Feeler.csproj", "{8E91467D-6FB8-456A-9444-094A818593E9}"
EndProject
Global
	GlobalSection(SolutionConfigurationPlatforms) = preSolution
		Debug|Any CPU = Debug|Any CPU
		Release|Any CPU = Release|Any CPU
	EndGlobalSection
	GlobalSection(ProjectConfigurationPlatforms) = postSolution
		{8E91467D-6FB8-456A-9444-094A818593E9}.Debug|Any CPU.ActiveCfg = Debug|Any CPU
		{8E91467D-6FB8-456A-9444-094A818593E9}.Debug|Any CPU.Build.0 = Debug|Any CPU
		{8E91467D-6FB8-456A-9444-094A818593E9}.Release|Any CPU.ActiveCfg = Release|Any CPU
		{8E91467D-6FB8-456A-9444-094A818593E9}.Release|Any CPU.Build.0 = Release|Any CPU
	EndGlobalSection
	GlobalSection(SolutionProperties) = preSolution
		HideSolutionNode = FALSE
	EndGlobalSection
	GlobalSection(ExtensibilityGlobals) = postSolution
		SolutionGuid = {DE9A87BA-B2E0-4C5C-9A05-076DF092A731}
	EndGlobalSection
EndGlobal
